
Microsoft Visual Studio Solution File, Format Version 12.00
# Visual Studio Version 16
VisualStudioVersion = 16.0.30320.27
MinimumVisualStudioVersion = 10.0.40219.1
Project("{FAE04EC0-301F-11D3-BF4B-00C04F79EFBC}") = "Modder", "Modder.csproj", "{419BC06A-B9FF-4922-B0B2-E518CD08461C}"
EndProject
Global
	GlobalSection(SolutionConfigurationPlatforms) = preSolution
		Debug|Any CPU = Debug|Any CPU
		Release|Any CPU = Release|Any CPU
	EndGlobalSection
	GlobalSection(ProjectConfigurationPlatforms) = postSolution
		{419BC06A-B9FF-4922-B0B2-E518CD08461C}.Debug|Any CPU.ActiveCfg = Debug|Any CPU
		{419BC06A-B9FF-4922-B0B2-E518CD08461C}.Debug|Any CPU.Build.0 = Debug|Any CPU
		{419BC06A-B9FF-4922-B0B2-E518CD08461C}.Release|Any CPU.ActiveCfg = Release|Any CPU
		{419BC06A-B9FF-4922-B0B2-E518CD08461C}.Release|Any CPU.Build.0 = Release|Any CPU
	EndGlobalSection
	GlobalSection(SolutionProperties) = preSolution
		HideSolutionNode = FALSE
	EndGlobalSection
	GlobalSection(ExtensibilityGlobals) = postSolution
		SolutionGuid = {D70FB859-3A74-4436-8765-29E7E685390A}
	EndGlobalSection
EndGlobal
